
Microsoft Visual Studio Solution File, Format Version 12.00
# Visual Studio Version 16
VisualStudioVersion = 16.0.31729.503
MinimumVisualStudioVersion = 10.0.40219.1
Project("{FAE04EC0-301F-11D3-BF4B-00C04F79EFBC}") = "ConsoleApp3", "ConsoleApp3.csproj", "{BCFCA703-4FF9-403C-9AF3-E05CC2A900A5}"
EndProject
Global
	GlobalSection(SolutionConfigurationPlatforms) = preSolution
		Debug|Any CPU = Debug|Any CPU
		Release|Any CPU = Release|Any CPU
	EndGlobalSection
	GlobalSection(ProjectConfigurationPlatforms) = postSolution
		{BCFCA703-4FF9-403C-9AF3-E05CC2A900A5}.Debug|Any CPU.ActiveCfg = Debug|Any CPU
		{BCFCA703-4FF9-403C-9AF3-E05CC2A900A5}.Debug|Any CPU.Build.0 = Debug|Any CPU
		{BCFCA703-4FF9-403C-9AF3-E05CC2A900A5}.Release|Any CPU.ActiveCfg = Release|Any CPU
		{BCFCA703-4FF9-403C-9AF3-E05CC2A900A5}.Release|Any CPU.Build.0 = Release|Any CPU
	EndGlobalSection
	GlobalSection(SolutionProperties) = preSolution
		HideSolutionNode = FALSE
	EndGlobalSection
	GlobalSection(ExtensibilityGlobals) = postSolution
		SolutionGuid = {D0270D3C-50E6-4D43-9C69-E65D41CC24A3}
	EndGlobalSection
EndGlobal
